// !$*UTF8*$!
{
	archiveVersion = 1;
	classes = {
	};
	objectVersion = 46;
	objects = {

/* Begin PBXBuildFile section */
		5A8DA2471B8B977000DD5C4F /* TYVStudentsTests.m in Sources */ = {isa = PBXBuildFile; fileRef = 5A8DA2461B8B977000DD5C4F /* TYVStudentsTests.m */; };
		5A8DA2901B8BA09600DD5C4F /* Info.plist in Resources */ = {isa = PBXBuildFile; fileRef = 5A8DA2761B8BA09600DD5C4F /* Info.plist */; };
		5A8DA2911B8BA09600DD5C4F /* Info.plist in Resources */ = {isa = PBXBuildFile; fileRef = 5A8DA2761B8BA09600DD5C4F /* Info.plist */; };
		5A8DA2921B8BA09600DD5C4F /* main.m in Sources */ = {isa = PBXBuildFile; fileRef = 5A8DA2771B8BA09600DD5C4F /* main.m */; };
		5A8DA2931B8BA09600DD5C4F /* main.m in Sources */ = {isa = PBXBuildFile; fileRef = 5A8DA2771B8BA09600DD5C4F /* main.m */; };
		5A8DA2941B8BA09600DD5C4F /* LaunchScreen.xib in Resources */ = {isa = PBXBuildFile; fileRef = 5A8DA2791B8BA09600DD5C4F /* LaunchScreen.xib */; };
		5A8DA2951B8BA09600DD5C4F /* LaunchScreen.xib in Resources */ = {isa = PBXBuildFile; fileRef = 5A8DA2791B8BA09600DD5C4F /* LaunchScreen.xib */; };
		5A8DA2961B8BA09600DD5C4F /* Main.storyboard in Resources */ = {isa = PBXBuildFile; fileRef = 5A8DA27B1B8BA09600DD5C4F /* Main.storyboard */; };
		5A8DA2971B8BA09600DD5C4F /* Main.storyboard in Resources */ = {isa = PBXBuildFile; fileRef = 5A8DA27B1B8BA09600DD5C4F /* Main.storyboard */; };
		5A8DA2981B8BA09600DD5C4F /* Images.xcassets in Resources */ = {isa = PBXBuildFile; fileRef = 5A8DA27D1B8BA09600DD5C4F /* Images.xcassets */; };
		5A8DA2991B8BA09600DD5C4F /* Images.xcassets in Resources */ = {isa = PBXBuildFile; fileRef = 5A8DA27D1B8BA09600DD5C4F /* Images.xcassets */; };
		5A8DA29A1B8BA09600DD5C4F /* AppDelegate.m in Sources */ = {isa = PBXBuildFile; fileRef = 5A8DA2801B8BA09600DD5C4F /* AppDelegate.m */; };
		5A8DA29B1B8BA09600DD5C4F /* AppDelegate.m in Sources */ = {isa = PBXBuildFile; fileRef = 5A8DA2801B8BA09600DD5C4F /* AppDelegate.m */; };
		5A8DA29C1B8BA09600DD5C4F /* TYVStudents.m in Sources */ = {isa = PBXBuildFile; fileRef = 5A8DA2841B8BA09600DD5C4F /* TYVStudents.m */; };
		5A8DA29D1B8BA09600DD5C4F /* TYVStudents.m in Sources */ = {isa = PBXBuildFile; fileRef = 5A8DA2841B8BA09600DD5C4F /* TYVStudents.m */; };
		5A8DA29E1B8BA09600DD5C4F /* TYVStudent.m in Sources */ = {isa = PBXBuildFile; fileRef = 5A8DA2871B8BA09600DD5C4F /* TYVStudent.m */; };
		5A8DA29F1B8BA09600DD5C4F /* TYVStudent.m in Sources */ = {isa = PBXBuildFile; fileRef = 5A8DA2871B8BA09600DD5C4F /* TYVStudent.m */; };
		5A8DA2A01B8BA09600DD5C4F /* TYVStudentsView.m in Sources */ = {isa = PBXBuildFile; fileRef = 5A8DA28C1B8BA09600DD5C4F /* TYVStudentsView.m */; };
		5A8DA2A11B8BA09600DD5C4F /* TYVStudentsView.m in Sources */ = {isa = PBXBuildFile; fileRef = 5A8DA28C1B8BA09600DD5C4F /* TYVStudentsView.m */; };
		5A8DA2A21B8BA09600DD5C4F /* TYVStudentsViewController.m in Sources */ = {isa = PBXBuildFile; fileRef = 5A8DA28E1B8BA09600DD5C4F /* TYVStudentsViewController.m */; };
		5A8DA2A31B8BA09600DD5C4F /* TYVStudentsViewController.m in Sources */ = {isa = PBXBuildFile; fileRef = 5A8DA28E1B8BA09600DD5C4F /* TYVStudentsViewController.m */; };
		5A8DA2A41B8BA09600DD5C4F /* TYVStudentsViewController.xib in Resources */ = {isa = PBXBuildFile; fileRef = 5A8DA28F1B8BA09600DD5C4F /* TYVStudentsViewController.xib */; };
		5A8DA2A51B8BA09600DD5C4F /* TYVStudentsViewController.xib in Resources */ = {isa = PBXBuildFile; fileRef = 5A8DA28F1B8BA09600DD5C4F /* TYVStudentsViewController.xib */; };
		5A8DA2AA1B8BA12B00DD5C4F /* TYVMacro.m in Sources */ = {isa = PBXBuildFile; fileRef = 5A8DA2A91B8BA12B00DD5C4F /* TYVMacro.m */; };
		5A8DA2AB1B8BA12B00DD5C4F /* TYVMacro.m in Sources */ = {isa = PBXBuildFile; fileRef = 5A8DA2A91B8BA12B00DD5C4F /* TYVMacro.m */; };
		5A8DA2AF1B8BA34600DD5C4F /* TYVStudentViewCell.m in Sources */ = {isa = PBXBuildFile; fileRef = 5A8DA2AD1B8BA34600DD5C4F /* TYVStudentViewCell.m */; };
		5A8DA2B01B8BA34600DD5C4F /* TYVStudentViewCell.m in Sources */ = {isa = PBXBuildFile; fileRef = 5A8DA2AD1B8BA34600DD5C4F /* TYVStudentViewCell.m */; };
		5A8DA2B11B8BA34600DD5C4F /* TYVStudentViewCell.xib in Resources */ = {isa = PBXBuildFile; fileRef = 5A8DA2AE1B8BA34600DD5C4F /* TYVStudentViewCell.xib */; };
		5A8DA2B21B8BA34600DD5C4F /* TYVStudentViewCell.xib in Resources */ = {isa = PBXBuildFile; fileRef = 5A8DA2AE1B8BA34600DD5C4F /* TYVStudentViewCell.xib */; };
		5ABE9D481B8BA6B30048FE9C /* UIWindow+TYVExtentions.m in Sources */ = {isa = PBXBuildFile; fileRef = 5ABE9D471B8BA6B30048FE9C /* UIWindow+TYVExtentions.m */; };
		5ABE9D491B8BA6B30048FE9C /* UIWindow+TYVExtentions.m in Sources */ = {isa = PBXBuildFile; fileRef = 5ABE9D471B8BA6B30048FE9C /* UIWindow+TYVExtentions.m */; };
		5ABE9D4D1B8BA70F0048FE9C /* UIViewController+TYVExtentions.m in Sources */ = {isa = PBXBuildFile; fileRef = 5ABE9D4C1B8BA70F0048FE9C /* UIViewController+TYVExtentions.m */; };
		5ABE9D4E1B8BA70F0048FE9C /* UIViewController+TYVExtentions.m in Sources */ = {isa = PBXBuildFile; fileRef = 5ABE9D4C1B8BA70F0048FE9C /* UIViewController+TYVExtentions.m */; };
/* End PBXBuildFile section */

/* Begin PBXContainerItemProxy section */
		5A8DA2411B8B977000DD5C4F /* PBXContainerItemProxy */ = {
			isa = PBXContainerItemProxy;
			containerPortal = 5A8DA21F1B8B977000DD5C4F /* Project object */;
			proxyType = 1;
			remoteGlobalIDString = 5A8DA2261B8B977000DD5C4F;
			remoteInfo = TYVStudents;
		};
/* End PBXContainerItemProxy section */

/* Begin PBXFileReference section */
		5A8DA2271B8B977000DD5C4F /* TYVStudents.app */ = {isa = PBXFileReference; explicitFileType = wrapper.application; includeInIndex = 0; path = TYVStudents.app; sourceTree = BUILT_PRODUCTS_DIR; };
		5A8DA2401B8B977000DD5C4F /* TYVStudentsTests.xctest */ = {isa = PBXFileReference; explicitFileType = wrapper.cfbundle; includeInIndex = 0; path = TYVStudentsTests.xctest; sourceTree = BUILT_PRODUCTS_DIR; };
		5A8DA2451B8B977000DD5C4F /* Info.plist */ = {isa = PBXFileReference; lastKnownFileType = text.plist.xml; path = Info.plist; sourceTree = "<group>"; };
		5A8DA2461B8B977000DD5C4F /* TYVStudentsTests.m */ = {isa = PBXFileReference; lastKnownFileType = sourcecode.c.objc; path = TYVStudentsTests.m; sourceTree = "<group>"; };
		5A8DA2761B8BA09600DD5C4F /* Info.plist */ = {isa = PBXFileReference; fileEncoding = 4; lastKnownFileType = text.plist.xml; path = Info.plist; sourceTree = "<group>"; };
		5A8DA2771B8BA09600DD5C4F /* main.m */ = {isa = PBXFileReference; fileEncoding = 4; lastKnownFileType = sourcecode.c.objc; path = main.m; sourceTree = "<group>"; };
		5A8DA27A1B8BA09600DD5C4F /* Base */ = {isa = PBXFileReference; lastKnownFileType = file.xib; name = Base; path = Base.lproj/LaunchScreen.xib; sourceTree = "<group>"; };
		5A8DA27C1B8BA09600DD5C4F /* Base */ = {isa = PBXFileReference; lastKnownFileType = file.storyboard; name = Base; path = Base.lproj/Main.storyboard; sourceTree = "<group>"; };
		5A8DA27D1B8BA09600DD5C4F /* Images.xcassets */ = {isa = PBXFileReference; lastKnownFileType = folder.assetcatalog; path = Images.xcassets; sourceTree = "<group>"; };
		5A8DA27F1B8BA09600DD5C4F /* AppDelegate.h */ = {isa = PBXFileReference; fileEncoding = 4; lastKnownFileType = sourcecode.c.h; path = AppDelegate.h; sourceTree = "<group>"; };
		5A8DA2801B8BA09600DD5C4F /* AppDelegate.m */ = {isa = PBXFileReference; fileEncoding = 4; lastKnownFileType = sourcecode.c.objc; path = AppDelegate.m; sourceTree = "<group>"; };
		5A8DA2831B8BA09600DD5C4F /* TYVStudents.h */ = {isa = PBXFileReference; fileEncoding = 4; lastKnownFileType = sourcecode.c.h; path = TYVStudents.h; sourceTree = "<group>"; };
		5A8DA2841B8BA09600DD5C4F /* TYVStudents.m */ = {isa = PBXFileReference; fileEncoding = 4; lastKnownFileType = sourcecode.c.objc; path = TYVStudents.m; sourceTree = "<group>"; };
		5A8DA2861B8BA09600DD5C4F /* TYVStudent.h */ = {isa = PBXFileReference; fileEncoding = 4; lastKnownFileType = sourcecode.c.h; path = TYVStudent.h; sourceTree = "<group>"; };
		5A8DA2871B8BA09600DD5C4F /* TYVStudent.m */ = {isa = PBXFileReference; fileEncoding = 4; lastKnownFileType = sourcecode.c.objc; path = TYVStudent.m; sourceTree = "<group>"; };
		5A8DA28B1B8BA09600DD5C4F /* TYVStudentsView.h */ = {isa = PBXFileReference; fileEncoding = 4; lastKnownFileType = sourcecode.c.h; path = TYVStudentsView.h; sourceTree = "<group>"; };
		5A8DA28C1B8BA09600DD5C4F /* TYVStudentsView.m */ = {isa = PBXFileReference; fileEncoding = 4; lastKnownFileType = sourcecode.c.objc; path = TYVStudentsView.m; sourceTree = "<group>"; };
		5A8DA28D1B8BA09600DD5C4F /* TYVStudentsViewController.h */ = {isa = PBXFileReference; fileEncoding = 4; lastKnownFileType = sourcecode.c.h; path = TYVStudentsViewController.h; sourceTree = "<group>"; };
		5A8DA28E1B8BA09600DD5C4F /* TYVStudentsViewController.m */ = {isa = PBXFileReference; fileEncoding = 4; lastKnownFileType = sourcecode.c.objc; path = TYVStudentsViewController.m; sourceTree = "<group>"; };
		5A8DA28F1B8BA09600DD5C4F /* TYVStudentsViewController.xib */ = {isa = PBXFileReference; fileEncoding = 4; lastKnownFileType = file.xib; path = TYVStudentsViewController.xib; sourceTree = "<group>"; };
		5A8DA2A81B8BA12B00DD5C4F /* TYVMacro.h */ = {isa = PBXFileReference; fileEncoding = 4; lastKnownFileType = sourcecode.c.h; path = TYVMacro.h; sourceTree = "<group>"; };
		5A8DA2A91B8BA12B00DD5C4F /* TYVMacro.m */ = {isa = PBXFileReference; fileEncoding = 4; lastKnownFileType = sourcecode.c.objc; path = TYVMacro.m; sourceTree = "<group>"; };
		5A8DA2AC1B8BA34600DD5C4F /* TYVStudentViewCell.h */ = {isa = PBXFileReference; fileEncoding = 4; lastKnownFileType = sourcecode.c.h; name = TYVStudentViewCell.h; path = TYVStudentViewCell/TYVStudentViewCell.h; sourceTree = "<group>"; };
		5A8DA2AD1B8BA34600DD5C4F /* TYVStudentViewCell.m */ = {isa = PBXFileReference; fileEncoding = 4; lastKnownFileType = sourcecode.c.objc; name = TYVStudentViewCell.m; path = TYVStudentViewCell/TYVStudentViewCell.m; sourceTree = "<group>"; };
		5A8DA2AE1B8BA34600DD5C4F /* TYVStudentViewCell.xib */ = {isa = PBXFileReference; fileEncoding = 4; lastKnownFileType = file.xib; name = TYVStudentViewCell.xib; path = TYVStudentViewCell/TYVStudentViewCell.xib; sourceTree = "<group>"; };
		5ABE9D461B8BA6B30048FE9C /* UIWindow+TYVExtentions.h */ = {isa = PBXFileReference; fileEncoding = 4; lastKnownFileType = sourcecode.c.h; path = "UIWindow+TYVExtentions.h"; sourceTree = "<group>"; };
		5ABE9D471B8BA6B30048FE9C /* UIWindow+TYVExtentions.m */ = {isa = PBXFileReference; fileEncoding = 4; lastKnownFileType = sourcecode.c.objc; path = "UIWindow+TYVExtentions.m"; sourceTree = "<group>"; };
		5ABE9D4B1B8BA70F0048FE9C /* UIViewController+TYVExtentions.h */ = {isa = PBXFileReference; fileEncoding = 4; lastKnownFileType = sourcecode.c.h; path = "UIViewController+TYVExtentions.h"; sourceTree = "<group>"; };
		5ABE9D4C1B8BA70F0048FE9C /* UIViewController+TYVExtentions.m */ = {isa = PBXFileReference; fileEncoding = 4; lastKnownFileType = sourcecode.c.objc; path = "UIViewController+TYVExtentions.m"; sourceTree = "<group>"; };
/* End PBXFileReference section */

/* Begin PBXFrameworksBuildPhase section */
		5A8DA2241B8B977000DD5C4F /* Frameworks */ = {
			isa = PBXFrameworksBuildPhase;
			buildActionMask = 2147483647;
			files = (
			);
			runOnlyForDeploymentPostprocessing = 0;
		};
		5A8DA23D1B8B977000DD5C4F /* Frameworks */ = {
			isa = PBXFrameworksBuildPhase;
			buildActionMask = 2147483647;
			files = (
			);
			runOnlyForDeploymentPostprocessing = 0;
		};
/* End PBXFrameworksBuildPhase section */

/* Begin PBXGroup section */
		5A8DA21E1B8B977000DD5C4F = {
			isa = PBXGroup;
			children = (
				5A8DA2751B8BA09600DD5C4F /* TYVStudents */,
				5A8DA2431B8B977000DD5C4F /* TYVStudentsTests */,
				5A8DA2281B8B977000DD5C4F /* Products */,
			);
			sourceTree = "<group>";
		};
		5A8DA2281B8B977000DD5C4F /* Products */ = {
			isa = PBXGroup;
			children = (
				5A8DA2271B8B977000DD5C4F /* TYVStudents.app */,
				5A8DA2401B8B977000DD5C4F /* TYVStudentsTests.xctest */,
			);
			name = Products;
			sourceTree = "<group>";
		};
		5A8DA2431B8B977000DD5C4F /* TYVStudentsTests */ = {
			isa = PBXGroup;
			children = (
				5A8DA2461B8B977000DD5C4F /* TYVStudentsTests.m */,
				5A8DA2441B8B977000DD5C4F /* Supporting Files */,
			);
			path = TYVStudentsTests;
			sourceTree = "<group>";
		};
		5A8DA2441B8B977000DD5C4F /* Supporting Files */ = {
			isa = PBXGroup;
			children = (
				5A8DA2451B8B977000DD5C4F /* Info.plist */,
			);
			name = "Supporting Files";
			sourceTree = "<group>";
		};
		5A8DA2751B8BA09600DD5C4F /* TYVStudents */ = {
			isa = PBXGroup;
			children = (
				5A8DA2761B8BA09600DD5C4F /* Info.plist */,
				5A8DA2771B8BA09600DD5C4F /* main.m */,
				5A8DA2781B8BA09600DD5C4F /* Resources */,
				5A8DA27E1B8BA09600DD5C4F /* Source */,
			);
			path = TYVStudents;
			sourceTree = "<group>";
		};
		5A8DA2781B8BA09600DD5C4F /* Resources */ = {
			isa = PBXGroup;
			children = (
				5A8DA2791B8BA09600DD5C4F /* LaunchScreen.xib */,
				5A8DA27B1B8BA09600DD5C4F /* Main.storyboard */,
				5A8DA27D1B8BA09600DD5C4F /* Images.xcassets */,
			);
			path = Resources;
			sourceTree = "<group>";
		};
		5A8DA27E1B8BA09600DD5C4F /* Source */ = {
			isa = PBXGroup;
			children = (
				5A8DA2A71B8BA12B00DD5C4F /* Library */,
				5A8DA27F1B8BA09600DD5C4F /* AppDelegate.h */,
				5A8DA2801B8BA09600DD5C4F /* AppDelegate.m */,
				5A8DA2811B8BA09600DD5C4F /* Models */,
				5A8DA2881B8BA09600DD5C4F /* UI */,
			);
			path = Source;
			sourceTree = "<group>";
		};
		5A8DA2811B8BA09600DD5C4F /* Models */ = {
			isa = PBXGroup;
			children = (
				5A8DA2821B8BA09600DD5C4F /* TYVStudents */,
				5A8DA2851B8BA09600DD5C4F /* TYVSudent */,
			);
			path = Models;
			sourceTree = "<group>";
		};
		5A8DA2821B8BA09600DD5C4F /* TYVStudents */ = {
			isa = PBXGroup;
			children = (
				5A8DA2831B8BA09600DD5C4F /* TYVStudents.h */,
				5A8DA2841B8BA09600DD5C4F /* TYVStudents.m */,
			);
			path = TYVStudents;
			sourceTree = "<group>";
		};
		5A8DA2851B8BA09600DD5C4F /* TYVSudent */ = {
			isa = PBXGroup;
			children = (
				5A8DA2861B8BA09600DD5C4F /* TYVStudent.h */,
				5A8DA2871B8BA09600DD5C4F /* TYVStudent.m */,
			);
			path = TYVSudent;
			sourceTree = "<group>";
		};
		5A8DA2881B8BA09600DD5C4F /* UI */ = {
			isa = PBXGroup;
			children = (
				5A8DA2891B8BA09600DD5C4F /* TYVStudentsViewController */,
			);
			path = UI;
			sourceTree = "<group>";
		};
		5A8DA2891B8BA09600DD5C4F /* TYVStudentsViewController */ = {
			isa = PBXGroup;
			children = (
				5A8DA28A1B8BA09600DD5C4F /* TYVStudentsView */,
				5A8DA28D1B8BA09600DD5C4F /* TYVStudentsViewController.h */,
				5A8DA28E1B8BA09600DD5C4F /* TYVStudentsViewController.m */,
				5A8DA28F1B8BA09600DD5C4F /* TYVStudentsViewController.xib */,
				5A8DA2B31B8BA34D00DD5C4F /* TYVStudentViewCell */,
			);
			path = TYVStudentsViewController;
			sourceTree = "<group>";
		};
		5A8DA28A1B8BA09600DD5C4F /* TYVStudentsView */ = {
			isa = PBXGroup;
			children = (
				5A8DA28B1B8BA09600DD5C4F /* TYVStudentsView.h */,
				5A8DA28C1B8BA09600DD5C4F /* TYVStudentsView.m */,
			);
			path = TYVStudentsView;
			sourceTree = "<group>";
		};
		5A8DA2A71B8BA12B00DD5C4F /* Library */ = {
			isa = PBXGroup;
			children = (
				5ABE9D441B8BA6AA0048FE9C /* Categories */,
				5A8DA2A81B8BA12B00DD5C4F /* TYVMacro.h */,
				5A8DA2A91B8BA12B00DD5C4F /* TYVMacro.m */,
			);
			path = Library;
			sourceTree = "<group>";
		};
		5A8DA2B31B8BA34D00DD5C4F /* TYVStudentViewCell */ = {
			isa = PBXGroup;
			children = (
				5A8DA2AC1B8BA34600DD5C4F /* TYVStudentViewCell.h */,
				5A8DA2AD1B8BA34600DD5C4F /* TYVStudentViewCell.m */,
				5A8DA2AE1B8BA34600DD5C4F /* TYVStudentViewCell.xib */,
			);
			name = TYVStudentViewCell;
			sourceTree = "<group>";
		};
		5ABE9D441B8BA6AA0048FE9C /* Categories */ = {
			isa = PBXGroup;
			children = (
				5ABE9D4A1B8BA70F0048FE9C /* UIViewController+TYVExtentions */,
				5ABE9D451B8BA6B30048FE9C /* UIWindow+TYVExtentions */,
			);
			path = Categories;
			sourceTree = "<group>";
		};
		5ABE9D451B8BA6B30048FE9C /* UIWindow+TYVExtentions */ = {
			isa = PBXGroup;
			children = (
				5ABE9D461B8BA6B30048FE9C /* UIWindow+TYVExtentions.h */,
				5ABE9D471B8BA6B30048FE9C /* UIWindow+TYVExtentions.m */,
			);
			path = "UIWindow+TYVExtentions";
			sourceTree = "<group>";
		};
		5ABE9D4A1B8BA70F0048FE9C /* UIViewController+TYVExtentions */ = {
			isa = PBXGroup;
			children = (
				5ABE9D4B1B8BA70F0048FE9C /* UIViewController+TYVExtentions.h */,
				5ABE9D4C1B8BA70F0048FE9C /* UIViewController+TYVExtentions.m */,
			);
			path = "UIViewController+TYVExtentions";
			sourceTree = "<group>";
		};
/* End PBXGroup section */

/* Begin PBXNativeTarget section */
		5A8DA2261B8B977000DD5C4F /* TYVStudents */ = {
			isa = PBXNativeTarget;
			buildConfigurationList = 5A8DA24A1B8B977000DD5C4F /* Build configuration list for PBXNativeTarget "TYVStudents" */;
			buildPhases = (
				5A8DA2231B8B977000DD5C4F /* Sources */,
				5A8DA2241B8B977000DD5C4F /* Frameworks */,
				5A8DA2251B8B977000DD5C4F /* Resources */,
			);
			buildRules = (
			);
			dependencies = (
			);
			name = TYVStudents;
			productName = TYVStudents;
			productReference = 5A8DA2271B8B977000DD5C4F /* TYVStudents.app */;
			productType = "com.apple.product-type.application";
		};
		5A8DA23F1B8B977000DD5C4F /* TYVStudentsTests */ = {
			isa = PBXNativeTarget;
			buildConfigurationList = 5A8DA24D1B8B977000DD5C4F /* Build configuration list for PBXNativeTarget "TYVStudentsTests" */;
			buildPhases = (
				5A8DA23C1B8B977000DD5C4F /* Sources */,
				5A8DA23D1B8B977000DD5C4F /* Frameworks */,
				5A8DA23E1B8B977000DD5C4F /* Resources */,
			);
			buildRules = (
			);
			dependencies = (
				5A8DA2421B8B977000DD5C4F /* PBXTargetDependency */,
			);
			name = TYVStudentsTests;
			productName = TYVStudentsTests;
			productReference = 5A8DA2401B8B977000DD5C4F /* TYVStudentsTests.xctest */;
			productType = "com.apple.product-type.bundle.unit-test";
		};
/* End PBXNativeTarget section */

/* Begin PBXProject section */
		5A8DA21F1B8B977000DD5C4F /* Project object */ = {
			isa = PBXProject;
			attributes = {
				LastUpgradeCheck = 0620;
				ORGANIZATIONNAME = YURII;
				TargetAttributes = {
					5A8DA2261B8B977000DD5C4F = {
						CreatedOnToolsVersion = 6.2;
					};
					5A8DA23F1B8B977000DD5C4F = {
						CreatedOnToolsVersion = 6.2;
						TestTargetID = 5A8DA2261B8B977000DD5C4F;
					};
				};
			};
			buildConfigurationList = 5A8DA2221B8B977000DD5C4F /* Build configuration list for PBXProject "TYVStudents" */;
			compatibilityVersion = "Xcode 3.2";
			developmentRegion = English;
			hasScannedForEncodings = 0;
			knownRegions = (
				en,
				Base,
			);
			mainGroup = 5A8DA21E1B8B977000DD5C4F;
			productRefGroup = 5A8DA2281B8B977000DD5C4F /* Products */;
			projectDirPath = "";
			projectRoot = "";
			targets = (
				5A8DA2261B8B977000DD5C4F /* TYVStudents */,
				5A8DA23F1B8B977000DD5C4F /* TYVStudentsTests */,
			);
		};
/* End PBXProject section */

/* Begin PBXResourcesBuildPhase section */
		5A8DA2251B8B977000DD5C4F /* Resources */ = {
			isa = PBXResourcesBuildPhase;
			buildActionMask = 2147483647;
			files = (
				5A8DA2961B8BA09600DD5C4F /* Main.storyboard in Resources */,
				5A8DA2981B8BA09600DD5C4F /* Images.xcassets in Resources */,
				5A8DA2B11B8BA34600DD5C4F /* TYVStudentViewCell.xib in Resources */,
				5A8DA2941B8BA09600DD5C4F /* LaunchScreen.xib in Resources */,
				5A8DA2A41B8BA09600DD5C4F /* TYVStudentsViewController.xib in Resources */,
				5A8DA2901B8BA09600DD5C4F /* Info.plist in Resources */,
			);
			runOnlyForDeploymentPostprocessing = 0;
		};
		5A8DA23E1B8B977000DD5C4F /* Resources */ = {
			isa = PBXResourcesBuildPhase;
			buildActionMask = 2147483647;
			files = (
				5A8DA2971B8BA09600DD5C4F /* Main.storyboard in Resources */,
				5A8DA2991B8BA09600DD5C4F /* Images.xcassets in Resources */,
				5A8DA2B21B8BA34600DD5C4F /* TYVStudentViewCell.xib in Resources */,
				5A8DA2951B8BA09600DD5C4F /* LaunchScreen.xib in Resources */,
				5A8DA2A51B8BA09600DD5C4F /* TYVStudentsViewController.xib in Resources */,
				5A8DA2911B8BA09600DD5C4F /* Info.plist in Resources */,
			);
			runOnlyForDeploymentPostprocessing = 0;
		};
/* End PBXResourcesBuildPhase section */

/* Begin PBXSourcesBuildPhase section */
		5A8DA2231B8B977000DD5C4F /* Sources */ = {
			isa = PBXSourcesBuildPhase;
			buildActionMask = 2147483647;
			files = (
				5A8DA2A01B8BA09600DD5C4F /* TYVStudentsView.m in Sources */,
				5A8DA29C1B8BA09600DD5C4F /* TYVStudents.m in Sources */,
				5A8DA29E1B8BA09600DD5C4F /* TYVStudent.m in Sources */,
				5A8DA29A1B8BA09600DD5C4F /* AppDelegate.m in Sources */,
				5A8DA2AF1B8BA34600DD5C4F /* TYVStudentViewCell.m in Sources */,
				5A8DA2A21B8BA09600DD5C4F /* TYVStudentsViewController.m in Sources */,
				5ABE9D4D1B8BA70F0048FE9C /* UIViewController+TYVExtentions.m in Sources */,
				5A8DA2AA1B8BA12B00DD5C4F /* TYVMacro.m in Sources */,
				5A8DA2921B8BA09600DD5C4F /* main.m in Sources */,
				5ABE9D481B8BA6B30048FE9C /* UIWindow+TYVExtentions.m in Sources */,
			);
			runOnlyForDeploymentPostprocessing = 0;
		};
		5A8DA23C1B8B977000DD5C4F /* Sources */ = {
			isa = PBXSourcesBuildPhase;
			buildActionMask = 2147483647;
			files = (
				5A8DA2A31B8BA09600DD5C4F /* TYVStudentsViewController.m in Sources */,
				5A8DA2931B8BA09600DD5C4F /* main.m in Sources */,
				5A8DA2B01B8BA34600DD5C4F /* TYVStudentViewCell.m in Sources */,
				5A8DA2AB1B8BA12B00DD5C4F /* TYVMacro.m in Sources */,
				5A8DA29D1B8BA09600DD5C4F /* TYVStudents.m in Sources */,
				5A8DA2471B8B977000DD5C4F /* TYVStudentsTests.m in Sources */,
				5A8DA29F1B8BA09600DD5C4F /* TYVStudent.m in Sources */,
				5A8DA2A11B8BA09600DD5C4F /* TYVStudentsView.m in Sources */,
				5ABE9D4E1B8BA70F0048FE9C /* UIViewController+TYVExtentions.m in Sources */,
				5ABE9D491B8BA6B30048FE9C /* UIWindow+TYVExtentions.m in Sources */,
				5A8DA29B1B8BA09600DD5C4F /* AppDelegate.m in Sources */,
			);
			runOnlyForDeploymentPostprocessing = 0;
		};
/* End PBXSourcesBuildPhase section */

/* Begin PBXTargetDependency section */
		5A8DA2421B8B977000DD5C4F /* PBXTargetDependency */ = {
			isa = PBXTargetDependency;
			target = 5A8DA2261B8B977000DD5C4F /* TYVStudents */;
			targetProxy = 5A8DA2411B8B977000DD5C4F /* PBXContainerItemProxy */;
		};
/* End PBXTargetDependency section */

/* Begin PBXVariantGroup section */
		5A8DA2791B8BA09600DD5C4F /* LaunchScreen.xib */ = {
			isa = PBXVariantGroup;
			children = (
				5A8DA27A1B8BA09600DD5C4F /* Base */,
			);
			name = LaunchScreen.xib;
			sourceTree = "<group>";
		};
		5A8DA27B1B8BA09600DD5C4F /* Main.storyboard */ = {
			isa = PBXVariantGroup;
			children = (
				5A8DA27C1B8BA09600DD5C4F /* Base */,
			);
			name = Main.storyboard;
			sourceTree = "<group>";
		};
/* End PBXVariantGroup section */

/* Begin XCBuildConfiguration section */
		5A8DA2481B8B977000DD5C4F /* Debug */ = {
			isa = XCBuildConfiguration;
			buildSettings = {
				ALWAYS_SEARCH_USER_PATHS = NO;
				CLANG_CXX_LANGUAGE_STANDARD = "gnu++0x";
				CLANG_CXX_LIBRARY = "libc++";
				CLANG_ENABLE_MODULES = YES;
				CLANG_ENABLE_OBJC_ARC = YES;
				CLANG_WARN_BOOL_CONVERSION = YES;
				CLANG_WARN_CONSTANT_CONVERSION = YES;
				CLANG_WARN_DIRECT_OBJC_ISA_USAGE = YES_ERROR;
				CLANG_WARN_EMPTY_BODY = YES;
				CLANG_WARN_ENUM_CONVERSION = YES;
				CLANG_WARN_INT_CONVERSION = YES;
				CLANG_WARN_OBJC_ROOT_CLASS = YES_ERROR;
				CLANG_WARN_UNREACHABLE_CODE = YES;
				CLANG_WARN__DUPLICATE_METHOD_MATCH = YES;
				"CODE_SIGN_IDENTITY[sdk=iphoneos*]" = "iPhone Developer";
				COPY_PHASE_STRIP = NO;
				ENABLE_STRICT_OBJC_MSGSEND = YES;
				GCC_C_LANGUAGE_STANDARD = gnu99;
				GCC_DYNAMIC_NO_PIC = NO;
				GCC_OPTIMIZATION_LEVEL = 0;
				GCC_PREPROCESSOR_DEFINITIONS = (
					"DEBUG=1",
					"$(inherited)",
				);
				GCC_SYMBOLS_PRIVATE_EXTERN = NO;
				GCC_WARN_64_TO_32_BIT_CONVERSION = YES;
				GCC_WARN_ABOUT_RETURN_TYPE = YES_ERROR;
				GCC_WARN_UNDECLARED_SELECTOR = YES;
				GCC_WARN_UNINITIALIZED_AUTOS = YES_AGGRESSIVE;
				GCC_WARN_UNUSED_FUNCTION = YES;
				GCC_WARN_UNUSED_VARIABLE = YES;
				IPHONEOS_DEPLOYMENT_TARGET = 8.2;
				MTL_ENABLE_DEBUG_INFO = YES;
				ONLY_ACTIVE_ARCH = YES;
				SDKROOT = iphoneos;
			};
			name = Debug;
		};
		5A8DA2491B8B977000DD5C4F /* Release */ = {
			isa = XCBuildConfiguration;
			buildSettings = {
				ALWAYS_SEARCH_USER_PATHS = NO;
				CLANG_CXX_LANGUAGE_STANDARD = "gnu++0x";
				CLANG_CXX_LIBRARY = "libc++";
				CLANG_ENABLE_MODULES = YES;
				CLANG_ENABLE_OBJC_ARC = YES;
				CLANG_WARN_BOOL_CONVERSION = YES;
				CLANG_WARN_CONSTANT_CONVERSION = YES;
				CLANG_WARN_DIRECT_OBJC_ISA_USAGE = YES_ERROR;
				CLANG_WARN_EMPTY_BODY = YES;
				CLANG_WARN_ENUM_CONVERSION = YES;
				CLANG_WARN_INT_CONVERSION = YES;
				CLANG_WARN_OBJC_ROOT_CLASS = YES_ERROR;
				CLANG_WARN_UNREACHABLE_CODE = YES;
				CLANG_WARN__DUPLICATE_METHOD_MATCH = YES;
				"CODE_SIGN_IDENTITY[sdk=iphoneos*]" = "iPhone Developer";
				COPY_PHASE_STRIP = NO;
				ENABLE_NS_ASSERTIONS = NO;
				ENABLE_STRICT_OBJC_MSGSEND = YES;
				GCC_C_LANGUAGE_STANDARD = gnu99;
				GCC_WARN_64_TO_32_BIT_CONVERSION = YES;
				GCC_WARN_ABOUT_RETURN_TYPE = YES_ERROR;
				GCC_WARN_UNDECLARED_SELECTOR = YES;
				GCC_WARN_UNINITIALIZED_AUTOS = YES_AGGRESSIVE;
				GCC_WARN_UNUSED_FUNCTION = YES;
				GCC_WARN_UNUSED_VARIABLE = YES;
				IPHONEOS_DEPLOYMENT_TARGET = 8.2;
				MTL_ENABLE_DEBUG_INFO = NO;
				SDKROOT = iphoneos;
				VALIDATE_PRODUCT = YES;
			};
			name = Release;
		};
		5A8DA24B1B8B977000DD5C4F /* Debug */ = {
			isa = XCBuildConfiguration;
			buildSettings = {
				ASSETCATALOG_COMPILER_APPICON_NAME = AppIcon;
				INFOPLIST_FILE = TYVStudents/Info.plist;
				LD_RUNPATH_SEARCH_PATHS = "$(inherited) @executable_path/Frameworks";
				PRODUCT_NAME = "$(TARGET_NAME)";
			};
			name = Debug;
		};
		5A8DA24C1B8B977000DD5C4F /* Release */ = {
			isa = XCBuildConfiguration;
			buildSettings = {
				ASSETCATALOG_COMPILER_APPICON_NAME = AppIcon;
				INFOPLIST_FILE = TYVStudents/Info.plist;
				LD_RUNPATH_SEARCH_PATHS = "$(inherited) @executable_path/Frameworks";
				PRODUCT_NAME = "$(TARGET_NAME)";
			};
			name = Release;
		};
		5A8DA24E1B8B977000DD5C4F /* Debug */ = {
			isa = XCBuildConfiguration;
			buildSettings = {
				BUNDLE_LOADER = "$(TEST_HOST)";
				FRAMEWORK_SEARCH_PATHS = (
					"$(SDKROOT)/Developer/Library/Frameworks",
					"$(inherited)",
				);
				GCC_PREPROCESSOR_DEFINITIONS = (
					"DEBUG=1",
					"$(inherited)",
				);
				INFOPLIST_FILE = TYVStudentsTests/Info.plist;
				LD_RUNPATH_SEARCH_PATHS = "$(inherited) @executable_path/Frameworks @loader_path/Frameworks";
				PRODUCT_NAME = "$(TARGET_NAME)";
				TEST_HOST = "$(BUILT_PRODUCTS_DIR)/TYVStudents.app/TYVStudents";
			};
			name = Debug;
		};
		5A8DA24F1B8B977000DD5C4F /* Release */ = {
			isa = XCBuildConfiguration;
			buildSettings = {
				BUNDLE_LOADER = "$(TEST_HOST)";
				FRAMEWORK_SEARCH_PATHS = (
					"$(SDKROOT)/Developer/Library/Frameworks",
					"$(inherited)",
				);
				INFOPLIST_FILE = TYVStudentsTests/Info.plist;
				LD_RUNPATH_SEARCH_PATHS = "$(inherited) @executable_path/Frameworks @loader_path/Frameworks";
				PRODUCT_NAME = "$(TARGET_NAME)";
				TEST_HOST = "$(BUILT_PRODUCTS_DIR)/TYVStudents.app/TYVStudents";
			};
			name = Release;
		};
/* End XCBuildConfiguration section */

/* Begin XCConfigurationList section */
		5A8DA2221B8B977000DD5C4F /* Build configuration list for PBXProject "TYVStudents" */ = {
			isa = XCConfigurationList;
			buildConfigurations = (
				5A8DA2481B8B977000DD5C4F /* Debug */,
				5A8DA2491B8B977000DD5C4F /* Release */,
			);
			defaultConfigurationIsVisible = 0;
			defaultConfigurationName = Release;
		};
		5A8DA24A1B8B977000DD5C4F /* Build configuration list for PBXNativeTarget "TYVStudents" */ = {
			isa = XCConfigurationList;
			buildConfigurations = (
				5A8DA24B1B8B977000DD5C4F /* Debug */,
				5A8DA24C1B8B977000DD5C4F /* Release */,
			);
			defaultConfigurationIsVisible = 0;
			defaultConfigurationName = Release;
		};
		5A8DA24D1B8B977000DD5C4F /* Build configuration list for PBXNativeTarget "TYVStudentsTests" */ = {
			isa = XCConfigurationList;
			buildConfigurations = (
				5A8DA24E1B8B977000DD5C4F /* Debug */,
				5A8DA24F1B8B977000DD5C4F /* Release */,
			);
			defaultConfigurationIsVisible = 0;
			defaultConfigurationName = Release;
		};
/* End XCConfigurationList section */
	};
	rootObject = 5A8DA21F1B8B977000DD5C4F /* Project object */;
}
